// !$*UTF8*$!
{
	archiveVersion = 1;
	classes = {
	};
	objectVersion = 50;
	objects = {

/* Begin PBXBuildFile section */
		0C2CBADE4A8E857B43A0A091 /* Pods_InfiniteLibrary.framework in Frameworks */ = {isa = PBXBuildFile; fileRef = C787E535FA0254624FDF921B /* Pods_InfiniteLibrary.framework */; };
		4A0259A820AB62FA005F75AB /* addAlbum.gif in Resources */ = {isa = PBXBuildFile; fileRef = 4A0259A720AB62FA005F75AB /* addAlbum.gif */; };
		4A0259AB20AB6ADC005F75AB /* album.gif in Resources */ = {isa = PBXBuildFile; fileRef = 4A0259A920AB6ADB005F75AB /* album.gif */; };
		4A0259AC20AB6ADC005F75AB /* artist.gif in Resources */ = {isa = PBXBuildFile; fileRef = 4A0259AA20AB6ADC005F75AB /* artist.gif */; };
		4A0C852020B343E9002D203B /* LibraryDownloaderView.swift in Sources */ = {isa = PBXBuildFile; fileRef = 4A0C851F20B343E9002D203B /* LibraryDownloaderView.swift */; };
		4A0C852220B346BB002D203B /* WelcomeView.swift in Sources */ = {isa = PBXBuildFile; fileRef = 4A0C852120B346BB002D203B /* WelcomeView.swift */; };
		4A0C852420B347CE002D203B /* LoginView.swift in Sources */ = {isa = PBXBuildFile; fileRef = 4A0C852320B347CE002D203B /* LoginView.swift */; };
		4A255B7220B292480008C586 /* UIViewController+Presenter.swift in Sources */ = {isa = PBXBuildFile; fileRef = 4A255B7120B292480008C586 /* UIViewController+Presenter.swift */; };
		4A255B7420B292690008C586 /* ViewControllerType.swift in Sources */ = {isa = PBXBuildFile; fileRef = 4A255B7320B292690008C586 /* ViewControllerType.swift */; };
		4A255B7620B32AD50008C586 /* SettingsViewControllerDelegate.swift in Sources */ = {isa = PBXBuildFile; fileRef = 4A255B7520B32AD50008C586 /* SettingsViewControllerDelegate.swift */; };
		4A255B7820B32BD80008C586 /* ArtistsTableViewController+SettingsDelegate.swift in Sources */ = {isa = PBXBuildFile; fileRef = 4A255B7720B32BD80008C586 /* ArtistsTableViewController+SettingsDelegate.swift */; };
		4A255B7A20B32C540008C586 /* AlbumsTableViewController+SettingsDelegate.swift in Sources */ = {isa = PBXBuildFile; fileRef = 4A255B7920B32C540008C586 /* AlbumsTableViewController+SettingsDelegate.swift */; };
		4A30205420ADF8BE00D27664 /* GifCollectionViewCell.swift in Sources */ = {isa = PBXBuildFile; fileRef = 4A30205320ADF8BE00D27664 /* GifCollectionViewCell.swift */; };
		4A30E267209E782800680B4C /* UIColor+Colors.swift in Sources */ = {isa = PBXBuildFile; fileRef = 4A30E266209E782800680B4C /* UIColor+Colors.swift */; };
		4A347CD920AA3C24003BEE72 /* SlideLeftAnimator.swift in Sources */ = {isa = PBXBuildFile; fileRef = 4A347CD820AA3C24003BEE72 /* SlideLeftAnimator.swift */; };
		4A347CDB20AA3E0B003BEE72 /* LibraryDownloadViewController.swift in Sources */ = {isa = PBXBuildFile; fileRef = 4A347CDA20AA3E0B003BEE72 /* LibraryDownloadViewController.swift */; };
		4A347CDD20AA46C3003BEE72 /* WelcomeViewController.swift in Sources */ = {isa = PBXBuildFile; fileRef = 4A347CDC20AA46C3003BEE72 /* WelcomeViewController.swift */; };
		4A347CE320AB45C1003BEE72 /* PopAnimator.swift in Sources */ = {isa = PBXBuildFile; fileRef = 4A347CE220AB45C1003BEE72 /* PopAnimator.swift */; };
		4A3DD65020AC96BA006A800F /* SettingsViewController.swift in Sources */ = {isa = PBXBuildFile; fileRef = 4A3DD64F20AC96BA006A800F /* SettingsViewController.swift */; };
		4A556A71209CF40B00D6EA14 /* AlbumsTableViewCell.swift in Sources */ = {isa = PBXBuildFile; fileRef = 4A556A70209CF40B00D6EA14 /* AlbumsTableViewCell.swift */; };
		4A6287FA20B079C800544D8B /* ArtistArtDownloader.swift in Sources */ = {isa = PBXBuildFile; fileRef = 4A6287F920B079C800544D8B /* ArtistArtDownloader.swift */; };
		4A9D17EA209A9619006A7B01 /* EnvConstants.swift in Sources */ = {isa = PBXBuildFile; fileRef = 4A9D17E9209A9619006A7B01 /* EnvConstants.swift */; };
		4A9F2E6120A77A32002329B2 /* AddAlbumViewController.swift in Sources */ = {isa = PBXBuildFile; fileRef = 4A9F2E6020A77A32002329B2 /* AddAlbumViewController.swift */; };
		4A9F2E6320A77D89002329B2 /* String+Spotify.swift in Sources */ = {isa = PBXBuildFile; fileRef = 4A9F2E6220A77D89002329B2 /* String+Spotify.swift */; };
		4AA40F57209A85630081F69A /* Constants.swift in Sources */ = {isa = PBXBuildFile; fileRef = 4AA40F56209A85630081F69A /* Constants.swift */; };
		4AA40F5B209A896A0081F69A /* AlbumsTableViewController.swift in Sources */ = {isa = PBXBuildFile; fileRef = 4AA40F5A209A896A0081F69A /* AlbumsTableViewController.swift */; };
		4AA4F4A620AE107000C9E735 /* ProgressCounter.swift in Sources */ = {isa = PBXBuildFile; fileRef = 4AA4F4A520AE107000C9E735 /* ProgressCounter.swift */; };
		4AA4F4A820AE27E900C9E735 /* settings.gif in Resources */ = {isa = PBXBuildFile; fileRef = 4AA4F4A720AE27E900C9E735 /* settings.gif */; };
		4AAF0ADE20A202D80054A0FC /* Artist+Utilities.swift in Sources */ = {isa = PBXBuildFile; fileRef = 4AAF0ADD20A202D80054A0FC /* Artist+Utilities.swift */; };
		4AAF0AE520A205E30054A0FC /* ArtistsTableViewController.swift in Sources */ = {isa = PBXBuildFile; fileRef = 4AAF0AE420A205E30054A0FC /* ArtistsTableViewController.swift */; };
		4AAF0AE720A2077B0054A0FC /* ArtistsTableViewCell.swift in Sources */ = {isa = PBXBuildFile; fileRef = 4AAF0AE620A2077B0054A0FC /* ArtistsTableViewCell.swift */; };
		4AAF0AE920A281600054A0FC /* TabViewController.swift in Sources */ = {isa = PBXBuildFile; fileRef = 4AAF0AE820A281600054A0FC /* TabViewController.swift */; };
		4AB21723209A398F00DB0878 /* AppDelegate.swift in Sources */ = {isa = PBXBuildFile; fileRef = 4AB21722209A398F00DB0878 /* AppDelegate.swift */; };
		4AB21725209A398F00DB0878 /* LoginViewController.swift in Sources */ = {isa = PBXBuildFile; fileRef = 4AB21724209A398F00DB0878 /* LoginViewController.swift */; };
		4AB2172B209A398F00DB0878 /* Infinite_Library.xcdatamodeld in Sources */ = {isa = PBXBuildFile; fileRef = 4AB21729209A398F00DB0878 /* Infinite_Library.xcdatamodeld */; };
		4AB2172D209A399000DB0878 /* Assets.xcassets in Resources */ = {isa = PBXBuildFile; fileRef = 4AB2172C209A399000DB0878 /* Assets.xcassets */; };
		4AB21730209A399000DB0878 /* LaunchScreen.storyboard in Resources */ = {isa = PBXBuildFile; fileRef = 4AB2172E209A399000DB0878 /* LaunchScreen.storyboard */; };
		4AB2173B209A399000DB0878 /* Infinite_LibraryTests.swift in Sources */ = {isa = PBXBuildFile; fileRef = 4AB2173A209A399000DB0878 /* Infinite_LibraryTests.swift */; };
		4AB2174B209A3F1A00DB0878 /* Default-568h@2x.png in Resources */ = {isa = PBXBuildFile; fileRef = 4AB2174A209A3F1A00DB0878 /* Default-568h@2x.png */; };
		4AB2174D209A404900DB0878 /* AsyncWebService.swift in Sources */ = {isa = PBXBuildFile; fileRef = 4AB2174C209A404900DB0878 /* AsyncWebService.swift */; };
		4AB21750209A409100DB0878 /* SpotifyNetworking.swift in Sources */ = {isa = PBXBuildFile; fileRef = 4AB2174F209A409100DB0878 /* SpotifyNetworking.swift */; };
		4AB21752209A424B00DB0878 /* Endpoints.swift in Sources */ = {isa = PBXBuildFile; fileRef = 4AB21751209A424B00DB0878 /* Endpoints.swift */; };
		4AB3BB70209F7A96001E1F89 /* CoreDataManager.swift in Sources */ = {isa = PBXBuildFile; fileRef = 4AB3BB6F209F7A96001E1F89 /* CoreDataManager.swift */; };
		4AB8F18820AF48C300A2C257 /* SettingsView.swift in Sources */ = {isa = PBXBuildFile; fileRef = 4AB8F18720AF48C300A2C257 /* SettingsView.swift */; };
		4AB8F18A20AF527700A2C257 /* AddAlbumView.swift in Sources */ = {isa = PBXBuildFile; fileRef = 4AB8F18920AF527700A2C257 /* AddAlbumView.swift */; };
		4AB8F18C20AF595C00A2C257 /* GeneralAppearance.swift in Sources */ = {isa = PBXBuildFile; fileRef = 4AB8F18B20AF595C00A2C257 /* GeneralAppearance.swift */; };
		4AB8F19020AF5B4C00A2C257 /* InitialViewControllerChooser.swift in Sources */ = {isa = PBXBuildFile; fileRef = 4AB8F18F20AF5B4C00A2C257 /* InitialViewControllerChooser.swift */; };
		4AB8F19220AF5EB500A2C257 /* SpotifyConnector.swift in Sources */ = {isa = PBXBuildFile; fileRef = 4AB8F19120AF5EB500A2C257 /* SpotifyConnector.swift */; };
		4AB8F19420AF609300A2C257 /* Clipboard.swift in Sources */ = {isa = PBXBuildFile; fileRef = 4AB8F19320AF609300A2C257 /* Clipboard.swift */; };
		4AC9213D20B20479006F5EB8 /* AlbumsTableViewController+Search.swift in Sources */ = {isa = PBXBuildFile; fileRef = 4AC9213C20B20479006F5EB8 /* AlbumsTableViewController+Search.swift */; };
		4AC9213F20B2049D006F5EB8 /* ArtistsTableViewController+Search.swift in Sources */ = {isa = PBXBuildFile; fileRef = 4AC9213E20B2049D006F5EB8 /* ArtistsTableViewController+Search.swift */; };
		4AC9214120B214CE006F5EB8 /* MemoryMonitor.swift in Sources */ = {isa = PBXBuildFile; fileRef = 4AC9214020B214CE006F5EB8 /* MemoryMonitor.swift */; };
		4AC9214320B21DDB006F5EB8 /* TutorialScreenViewController.swift in Sources */ = {isa = PBXBuildFile; fileRef = 4AC9214220B21DDB006F5EB8 /* TutorialScreenViewController.swift */; };
		4AC9214520B21DF4006F5EB8 /* TutorialPresenter.swift in Sources */ = {isa = PBXBuildFile; fileRef = 4AC9214420B21DF4006F5EB8 /* TutorialPresenter.swift */; };
		4AC9214720B21E87006F5EB8 /* TutorialScreenView.swift in Sources */ = {isa = PBXBuildFile; fileRef = 4AC9214620B21E87006F5EB8 /* TutorialScreenView.swift */; };
		4AD0D37120A0F9E600DD3723 /* Album+Utilities.swift in Sources */ = {isa = PBXBuildFile; fileRef = 4AD0D37020A0F9E600DD3723 /* Album+Utilities.swift */; };
		4AFC2BFD209BAE090054811C /* SpotifyModels.swift in Sources */ = {isa = PBXBuildFile; fileRef = 4AFC2BFC209BAE090054811C /* SpotifyModels.swift */; };
		4AFC2C00209BAF5E0054811C /* LibraryDownloader.swift in Sources */ = {isa = PBXBuildFile; fileRef = 4AFC2BFF209BAF5E0054811C /* LibraryDownloader.swift */; };
		4AFC2C02209BB4CE0054811C /* AlbumDownloader.swift in Sources */ = {isa = PBXBuildFile; fileRef = 4AFC2C01209BB4CE0054811C /* AlbumDownloader.swift */; };
		4AFC2C04209BC4540054811C /* AutoLoginViewController.swift in Sources */ = {isa = PBXBuildFile; fileRef = 4AFC2C03209BC4540054811C /* AutoLoginViewController.swift */; };
/* End PBXBuildFile section */

/* Begin PBXContainerItemProxy section */
		4AB21737209A399000DB0878 /* PBXContainerItemProxy */ = {
			isa = PBXContainerItemProxy;
			containerPortal = 4AB21717209A398F00DB0878 /* Project object */;
			proxyType = 1;
			remoteGlobalIDString = 4AB2171E209A398F00DB0878;
			remoteInfo = "Infinite Library";
		};
/* End PBXContainerItemProxy section */

/* Begin PBXFileReference section */
		0FEB956AF21EC09D1D5D7573 /* Pods-InfiniteLibrary.release.xcconfig */ = {isa = PBXFileReference; includeInIndex = 1; lastKnownFileType = text.xcconfig; name = "Pods-InfiniteLibrary.release.xcconfig"; path = "Pods/Target Support Files/Pods-InfiniteLibrary/Pods-InfiniteLibrary.release.xcconfig"; sourceTree = "<group>"; };
		4A0259A720AB62FA005F75AB /* addAlbum.gif */ = {isa = PBXFileReference; lastKnownFileType = image.gif; path = addAlbum.gif; sourceTree = "<group>"; };
		4A0259A920AB6ADB005F75AB /* album.gif */ = {isa = PBXFileReference; lastKnownFileType = image.gif; path = album.gif; sourceTree = "<group>"; };
		4A0259AA20AB6ADC005F75AB /* artist.gif */ = {isa = PBXFileReference; lastKnownFileType = image.gif; path = artist.gif; sourceTree = "<group>"; };
		4A0C851F20B343E9002D203B /* LibraryDownloaderView.swift */ = {isa = PBXFileReference; lastKnownFileType = sourcecode.swift; path = LibraryDownloaderView.swift; sourceTree = "<group>"; };
		4A0C852120B346BB002D203B /* WelcomeView.swift */ = {isa = PBXFileReference; lastKnownFileType = sourcecode.swift; path = WelcomeView.swift; sourceTree = "<group>"; };
		4A0C852320B347CE002D203B /* LoginView.swift */ = {isa = PBXFileReference; lastKnownFileType = sourcecode.swift; path = LoginView.swift; sourceTree = "<group>"; };
		4A255B7120B292480008C586 /* UIViewController+Presenter.swift */ = {isa = PBXFileReference; lastKnownFileType = sourcecode.swift; path = "UIViewController+Presenter.swift"; sourceTree = "<group>"; };
		4A255B7320B292690008C586 /* ViewControllerType.swift */ = {isa = PBXFileReference; lastKnownFileType = sourcecode.swift; path = ViewControllerType.swift; sourceTree = "<group>"; };
		4A255B7520B32AD50008C586 /* SettingsViewControllerDelegate.swift */ = {isa = PBXFileReference; lastKnownFileType = sourcecode.swift; path = SettingsViewControllerDelegate.swift; sourceTree = "<group>"; };
		4A255B7720B32BD80008C586 /* ArtistsTableViewController+SettingsDelegate.swift */ = {isa = PBXFileReference; lastKnownFileType = sourcecode.swift; path = "ArtistsTableViewController+SettingsDelegate.swift"; sourceTree = "<group>"; };
		4A255B7920B32C540008C586 /* AlbumsTableViewController+SettingsDelegate.swift */ = {isa = PBXFileReference; lastKnownFileType = sourcecode.swift; path = "AlbumsTableViewController+SettingsDelegate.swift"; sourceTree = "<group>"; };
		4A30205320ADF8BE00D27664 /* GifCollectionViewCell.swift */ = {isa = PBXFileReference; lastKnownFileType = sourcecode.swift; path = GifCollectionViewCell.swift; sourceTree = "<group>"; };
		4A30E266209E782800680B4C /* UIColor+Colors.swift */ = {isa = PBXFileReference; lastKnownFileType = sourcecode.swift; path = "UIColor+Colors.swift"; sourceTree = "<group>"; };
		4A347CD820AA3C24003BEE72 /* SlideLeftAnimator.swift */ = {isa = PBXFileReference; lastKnownFileType = sourcecode.swift; path = SlideLeftAnimator.swift; sourceTree = "<group>"; };
		4A347CDA20AA3E0B003BEE72 /* LibraryDownloadViewController.swift */ = {isa = PBXFileReference; lastKnownFileType = sourcecode.swift; path = LibraryDownloadViewController.swift; sourceTree = "<group>"; };
		4A347CDC20AA46C3003BEE72 /* WelcomeViewController.swift */ = {isa = PBXFileReference; lastKnownFileType = sourcecode.swift; path = WelcomeViewController.swift; sourceTree = "<group>"; };
		4A347CE220AB45C1003BEE72 /* PopAnimator.swift */ = {isa = PBXFileReference; lastKnownFileType = sourcecode.swift; path = PopAnimator.swift; sourceTree = "<group>"; };
		4A3DD64F20AC96BA006A800F /* SettingsViewController.swift */ = {isa = PBXFileReference; lastKnownFileType = sourcecode.swift; path = SettingsViewController.swift; sourceTree = "<group>"; };
		4A556A70209CF40B00D6EA14 /* AlbumsTableViewCell.swift */ = {isa = PBXFileReference; lastKnownFileType = sourcecode.swift; path = AlbumsTableViewCell.swift; sourceTree = "<group>"; };
		4A6287F920B079C800544D8B /* ArtistArtDownloader.swift */ = {isa = PBXFileReference; lastKnownFileType = sourcecode.swift; path = ArtistArtDownloader.swift; sourceTree = "<group>"; };
		4A9D17E9209A9619006A7B01 /* EnvConstants.swift */ = {isa = PBXFileReference; lastKnownFileType = sourcecode.swift; path = EnvConstants.swift; sourceTree = "<group>"; };
		4A9F2E6020A77A32002329B2 /* AddAlbumViewController.swift */ = {isa = PBXFileReference; lastKnownFileType = sourcecode.swift; path = AddAlbumViewController.swift; sourceTree = "<group>"; };
		4A9F2E6220A77D89002329B2 /* String+Spotify.swift */ = {isa = PBXFileReference; lastKnownFileType = sourcecode.swift; path = "String+Spotify.swift"; sourceTree = "<group>"; };
		4AA40F56209A85630081F69A /* Constants.swift */ = {isa = PBXFileReference; lastKnownFileType = sourcecode.swift; path = Constants.swift; sourceTree = "<group>"; };
		4AA40F5A209A896A0081F69A /* AlbumsTableViewController.swift */ = {isa = PBXFileReference; lastKnownFileType = sourcecode.swift; path = AlbumsTableViewController.swift; sourceTree = "<group>"; };
		4AA4F4A520AE107000C9E735 /* ProgressCounter.swift */ = {isa = PBXFileReference; lastKnownFileType = sourcecode.swift; path = ProgressCounter.swift; sourceTree = "<group>"; };
		4AA4F4A720AE27E900C9E735 /* settings.gif */ = {isa = PBXFileReference; lastKnownFileType = image.gif; path = settings.gif; sourceTree = "<group>"; };
		4AAF0ADD20A202D80054A0FC /* Artist+Utilities.swift */ = {isa = PBXFileReference; lastKnownFileType = sourcecode.swift; path = "Artist+Utilities.swift"; sourceTree = "<group>"; };
		4AAF0AE420A205E30054A0FC /* ArtistsTableViewController.swift */ = {isa = PBXFileReference; lastKnownFileType = sourcecode.swift; path = ArtistsTableViewController.swift; sourceTree = "<group>"; };
		4AAF0AE620A2077B0054A0FC /* ArtistsTableViewCell.swift */ = {isa = PBXFileReference; lastKnownFileType = sourcecode.swift; path = ArtistsTableViewCell.swift; sourceTree = "<group>"; };
		4AAF0AE820A281600054A0FC /* TabViewController.swift */ = {isa = PBXFileReference; lastKnownFileType = sourcecode.swift; path = TabViewController.swift; sourceTree = "<group>"; };
		4AB2171F209A398F00DB0878 /* InfiniteLibrary.app */ = {isa = PBXFileReference; explicitFileType = wrapper.application; includeInIndex = 0; path = InfiniteLibrary.app; sourceTree = BUILT_PRODUCTS_DIR; };
		4AB21722209A398F00DB0878 /* AppDelegate.swift */ = {isa = PBXFileReference; lastKnownFileType = sourcecode.swift; path = AppDelegate.swift; sourceTree = "<group>"; };
		4AB21724209A398F00DB0878 /* LoginViewController.swift */ = {isa = PBXFileReference; lastKnownFileType = sourcecode.swift; path = LoginViewController.swift; sourceTree = "<group>"; };
		4AB2172A209A398F00DB0878 /* Infinite_Library.xcdatamodel */ = {isa = PBXFileReference; lastKnownFileType = wrapper.xcdatamodel; path = Infinite_Library.xcdatamodel; sourceTree = "<group>"; };
		4AB2172C209A399000DB0878 /* Assets.xcassets */ = {isa = PBXFileReference; lastKnownFileType = folder.assetcatalog; path = Assets.xcassets; sourceTree = "<group>"; };
		4AB2172F209A399000DB0878 /* Base */ = {isa = PBXFileReference; lastKnownFileType = file.storyboard; name = Base; path = Base.lproj/LaunchScreen.storyboard; sourceTree = "<group>"; };
		4AB21731209A399000DB0878 /* Info.plist */ = {isa = PBXFileReference; lastKnownFileType = text.plist.xml; path = Info.plist; sourceTree = "<group>"; };
		4AB21736209A399000DB0878 /* InfiniteLibraryTests.xctest */ = {isa = PBXFileReference; explicitFileType = wrapper.cfbundle; includeInIndex = 0; path = InfiniteLibraryTests.xctest; sourceTree = BUILT_PRODUCTS_DIR; };
		4AB2173A209A399000DB0878 /* Infinite_LibraryTests.swift */ = {isa = PBXFileReference; lastKnownFileType = sourcecode.swift; path = Infinite_LibraryTests.swift; sourceTree = "<group>"; };
		4AB2173C209A399000DB0878 /* Info.plist */ = {isa = PBXFileReference; lastKnownFileType = text.plist.xml; path = Info.plist; sourceTree = "<group>"; };
		4AB2174A209A3F1A00DB0878 /* Default-568h@2x.png */ = {isa = PBXFileReference; lastKnownFileType = image.png; path = "Default-568h@2x.png"; sourceTree = "<group>"; };
		4AB2174C209A404900DB0878 /* AsyncWebService.swift */ = {isa = PBXFileReference; lastKnownFileType = sourcecode.swift; path = AsyncWebService.swift; sourceTree = "<group>"; };
		4AB2174F209A409100DB0878 /* SpotifyNetworking.swift */ = {isa = PBXFileReference; lastKnownFileType = sourcecode.swift; path = SpotifyNetworking.swift; sourceTree = "<group>"; };
		4AB21751209A424B00DB0878 /* Endpoints.swift */ = {isa = PBXFileReference; lastKnownFileType = sourcecode.swift; path = Endpoints.swift; sourceTree = "<group>"; };
		4AB3BB6F209F7A96001E1F89 /* CoreDataManager.swift */ = {isa = PBXFileReference; lastKnownFileType = sourcecode.swift; path = CoreDataManager.swift; sourceTree = "<group>"; };
		4AB8F18720AF48C300A2C257 /* SettingsView.swift */ = {isa = PBXFileReference; lastKnownFileType = sourcecode.swift; path = SettingsView.swift; sourceTree = "<group>"; };
		4AB8F18920AF527700A2C257 /* AddAlbumView.swift */ = {isa = PBXFileReference; lastKnownFileType = sourcecode.swift; path = AddAlbumView.swift; sourceTree = "<group>"; };
		4AB8F18B20AF595C00A2C257 /* GeneralAppearance.swift */ = {isa = PBXFileReference; lastKnownFileType = sourcecode.swift; path = GeneralAppearance.swift; sourceTree = "<group>"; };
		4AB8F18F20AF5B4C00A2C257 /* InitialViewControllerChooser.swift */ = {isa = PBXFileReference; lastKnownFileType = sourcecode.swift; path = InitialViewControllerChooser.swift; sourceTree = "<group>"; };
		4AB8F19120AF5EB500A2C257 /* SpotifyConnector.swift */ = {isa = PBXFileReference; lastKnownFileType = sourcecode.swift; path = SpotifyConnector.swift; sourceTree = "<group>"; };
		4AB8F19320AF609300A2C257 /* Clipboard.swift */ = {isa = PBXFileReference; lastKnownFileType = sourcecode.swift; path = Clipboard.swift; sourceTree = "<group>"; };
		4AC9213C20B20479006F5EB8 /* AlbumsTableViewController+Search.swift */ = {isa = PBXFileReference; lastKnownFileType = sourcecode.swift; path = "AlbumsTableViewController+Search.swift"; sourceTree = "<group>"; };
		4AC9213E20B2049D006F5EB8 /* ArtistsTableViewController+Search.swift */ = {isa = PBXFileReference; lastKnownFileType = sourcecode.swift; path = "ArtistsTableViewController+Search.swift"; sourceTree = "<group>"; };
		4AC9214020B214CE006F5EB8 /* MemoryMonitor.swift */ = {isa = PBXFileReference; lastKnownFileType = sourcecode.swift; path = MemoryMonitor.swift; sourceTree = "<group>"; };
		4AC9214220B21DDB006F5EB8 /* TutorialScreenViewController.swift */ = {isa = PBXFileReference; lastKnownFileType = sourcecode.swift; path = TutorialScreenViewController.swift; sourceTree = "<group>"; };
		4AC9214420B21DF4006F5EB8 /* TutorialPresenter.swift */ = {isa = PBXFileReference; lastKnownFileType = sourcecode.swift; path = TutorialPresenter.swift; sourceTree = "<group>"; };
		4AC9214620B21E87006F5EB8 /* TutorialScreenView.swift */ = {isa = PBXFileReference; lastKnownFileType = sourcecode.swift; path = TutorialScreenView.swift; sourceTree = "<group>"; };
		4AD0D37020A0F9E600DD3723 /* Album+Utilities.swift */ = {isa = PBXFileReference; lastKnownFileType = sourcecode.swift; path = "Album+Utilities.swift"; sourceTree = "<group>"; };
		4AFC2BFC209BAE090054811C /* SpotifyModels.swift */ = {isa = PBXFileReference; lastKnownFileType = sourcecode.swift; path = SpotifyModels.swift; sourceTree = "<group>"; };
		4AFC2BFF209BAF5E0054811C /* LibraryDownloader.swift */ = {isa = PBXFileReference; lastKnownFileType = sourcecode.swift; path = LibraryDownloader.swift; sourceTree = "<group>"; };
		4AFC2C01209BB4CE0054811C /* AlbumDownloader.swift */ = {isa = PBXFileReference; lastKnownFileType = sourcecode.swift; path = AlbumDownloader.swift; sourceTree = "<group>"; };
		4AFC2C03209BC4540054811C /* AutoLoginViewController.swift */ = {isa = PBXFileReference; lastKnownFileType = sourcecode.swift; path = AutoLoginViewController.swift; sourceTree = "<group>"; };
		B10B001AF740EB0CBCCFCFFE /* Pods-InfiniteLibrary.debug.xcconfig */ = {isa = PBXFileReference; includeInIndex = 1; lastKnownFileType = text.xcconfig; name = "Pods-InfiniteLibrary.debug.xcconfig"; path = "Pods/Target Support Files/Pods-InfiniteLibrary/Pods-InfiniteLibrary.debug.xcconfig"; sourceTree = "<group>"; };
		BC2338FFB2990EFDFF5E96B1 /* Pods-InfiniteLibraryTests.debug.xcconfig */ = {isa = PBXFileReference; includeInIndex = 1; lastKnownFileType = text.xcconfig; name = "Pods-InfiniteLibraryTests.debug.xcconfig"; path = "Pods/Target Support Files/Pods-InfiniteLibraryTests/Pods-InfiniteLibraryTests.debug.xcconfig"; sourceTree = "<group>"; };
		C787E535FA0254624FDF921B /* Pods_InfiniteLibrary.framework */ = {isa = PBXFileReference; explicitFileType = wrapper.framework; includeInIndex = 0; path = Pods_InfiniteLibrary.framework; sourceTree = BUILT_PRODUCTS_DIR; };
		CF0779598191B503FDA28009 /* Pods-InfiniteLibraryTests.release.xcconfig */ = {isa = PBXFileReference; includeInIndex = 1; lastKnownFileType = text.xcconfig; name = "Pods-InfiniteLibraryTests.release.xcconfig"; path = "Pods/Target Support Files/Pods-InfiniteLibraryTests/Pods-InfiniteLibraryTests.release.xcconfig"; sourceTree = "<group>"; };
/* End PBXFileReference section */

/* Begin PBXFrameworksBuildPhase section */
		4AB2171C209A398F00DB0878 /* Frameworks */ = {
			isa = PBXFrameworksBuildPhase;
			buildActionMask = 2147483647;
			files = (
				0C2CBADE4A8E857B43A0A091 /* Pods_InfiniteLibrary.framework in Frameworks */,
			);
			runOnlyForDeploymentPostprocessing = 0;
		};
		4AB21733209A399000DB0878 /* Frameworks */ = {
			isa = PBXFrameworksBuildPhase;
			buildActionMask = 2147483647;
			files = (
			);
			runOnlyForDeploymentPostprocessing = 0;
		};
/* End PBXFrameworksBuildPhase section */

/* Begin PBXGroup section */
		459B2788F5B7BA7DF94BC46B /* Pods */ = {
			isa = PBXGroup;
			children = (
				B10B001AF740EB0CBCCFCFFE /* Pods-InfiniteLibrary.debug.xcconfig */,
				0FEB956AF21EC09D1D5D7573 /* Pods-InfiniteLibrary.release.xcconfig */,
				BC2338FFB2990EFDFF5E96B1 /* Pods-InfiniteLibraryTests.debug.xcconfig */,
				CF0779598191B503FDA28009 /* Pods-InfiniteLibraryTests.release.xcconfig */,
			);
			name = Pods;
			sourceTree = "<group>";
		};
		4A0259A620AB62ED005F75AB /* Media */ = {
			isa = PBXGroup;
			children = (
				4A0259A720AB62FA005F75AB /* addAlbum.gif */,
				4A0259A920AB6ADB005F75AB /* album.gif */,
				4A0259AA20AB6ADC005F75AB /* artist.gif */,
				4AA4F4A720AE27E900C9E735 /* settings.gif */,
			);
			path = Media;
			sourceTree = "<group>";
		};
		4A3DD64E20AC96A9006A800F /* SettingsFeature */ = {
			isa = PBXGroup;
			children = (
				4A3DD64F20AC96BA006A800F /* SettingsViewController.swift */,
				4A30205320ADF8BE00D27664 /* GifCollectionViewCell.swift */,
				4AB8F18720AF48C300A2C257 /* SettingsView.swift */,
				4A255B7520B32AD50008C586 /* SettingsViewControllerDelegate.swift */,
			);
			path = SettingsFeature;
			sourceTree = "<group>";
		};
		4A9D17E8209A960B006A7B01 /* Utilities */ = {
			isa = PBXGroup;
			children = (
				4AA40F56209A85630081F69A /* Constants.swift */,
				4A9D17E9209A9619006A7B01 /* EnvConstants.swift */,
				4A30E266209E782800680B4C /* UIColor+Colors.swift */,
				4AB3BB6F209F7A96001E1F89 /* CoreDataManager.swift */,
				4A9F2E6220A77D89002329B2 /* String+Spotify.swift */,
				4AC9214020B214CE006F5EB8 /* MemoryMonitor.swift */,
				4A255B7120B292480008C586 /* UIViewController+Presenter.swift */,
				4A255B7320B292690008C586 /* ViewControllerType.swift */,
			);
			path = Utilities;
			sourceTree = "<group>";
		};
		4A9F2E5F20A77A0F002329B2 /* AddAlbumFeature */ = {
			isa = PBXGroup;
			children = (
				4A9F2E6020A77A32002329B2 /* AddAlbumViewController.swift */,
				4AB8F18920AF527700A2C257 /* AddAlbumView.swift */,
			);
			path = AddAlbumFeature;
			sourceTree = "<group>";
		};
		4AAF0ADF20A2050F0054A0FC /* AlbumFeature */ = {
			isa = PBXGroup;
			children = (
				4AA40F5A209A896A0081F69A /* AlbumsTableViewController.swift */,
				4A556A70209CF40B00D6EA14 /* AlbumsTableViewCell.swift */,
				4AC9213C20B20479006F5EB8 /* AlbumsTableViewController+Search.swift */,
				4A255B7920B32C540008C586 /* AlbumsTableViewController+SettingsDelegate.swift */,
			);
			path = AlbumFeature;
			sourceTree = "<group>";
		};
		4AAF0AE220A2059A0054A0FC /* LoginFeature */ = {
			isa = PBXGroup;
			children = (
				4AB21724209A398F00DB0878 /* LoginViewController.swift */,
				4AFC2C03209BC4540054811C /* AutoLoginViewController.swift */,
				4A347CD820AA3C24003BEE72 /* SlideLeftAnimator.swift */,
				4A347CDA20AA3E0B003BEE72 /* LibraryDownloadViewController.swift */,
				4A347CDC20AA46C3003BEE72 /* WelcomeViewController.swift */,
				4A347CE220AB45C1003BEE72 /* PopAnimator.swift */,
				4AC9214220B21DDB006F5EB8 /* TutorialScreenViewController.swift */,
				4AC9214420B21DF4006F5EB8 /* TutorialPresenter.swift */,
				4AC9214620B21E87006F5EB8 /* TutorialScreenView.swift */,
				4A0C851F20B343E9002D203B /* LibraryDownloaderView.swift */,
				4A0C852120B346BB002D203B /* WelcomeView.swift */,
				4A0C852320B347CE002D203B /* LoginView.swift */,
			);
			path = LoginFeature;
			sourceTree = "<group>";
		};
		4AAF0AE320A205CA0054A0FC /* ArtistFeature */ = {
			isa = PBXGroup;
			children = (
				4AAF0AE420A205E30054A0FC /* ArtistsTableViewController.swift */,
				4AAF0AE620A2077B0054A0FC /* ArtistsTableViewCell.swift */,
				4AC9213E20B2049D006F5EB8 /* ArtistsTableViewController+Search.swift */,
				4A255B7720B32BD80008C586 /* ArtistsTableViewController+SettingsDelegate.swift */,
			);
			path = ArtistFeature;
			sourceTree = "<group>";
		};
		4AAF0AEA20A2816E0054A0FC /* Root */ = {
			isa = PBXGroup;
			children = (
				4AB21722209A398F00DB0878 /* AppDelegate.swift */,
				4AAF0AE820A281600054A0FC /* TabViewController.swift */,
				4AB8F18B20AF595C00A2C257 /* GeneralAppearance.swift */,
				4AB8F18F20AF5B4C00A2C257 /* InitialViewControllerChooser.swift */,
				4AB8F19120AF5EB500A2C257 /* SpotifyConnector.swift */,
				4AB8F19320AF609300A2C257 /* Clipboard.swift */,
			);
			path = Root;
			sourceTree = "<group>";
		};
		4AB21716209A398F00DB0878 = {
			isa = PBXGroup;
			children = (
				4AB21721209A398F00DB0878 /* Infinite Library */,
				4AB21739209A399000DB0878 /* Infinite LibraryTests */,
				4AB21720209A398F00DB0878 /* Products */,
				459B2788F5B7BA7DF94BC46B /* Pods */,
				FD516E6065BA0042A709C0F6 /* Frameworks */,
			);
			sourceTree = "<group>";
		};
		4AB21720209A398F00DB0878 /* Products */ = {
			isa = PBXGroup;
			children = (
				4AB2171F209A398F00DB0878 /* InfiniteLibrary.app */,
				4AB21736209A399000DB0878 /* InfiniteLibraryTests.xctest */,
			);
			name = Products;
			sourceTree = "<group>";
		};
		4AB21721209A398F00DB0878 /* Infinite Library */ = {
			isa = PBXGroup;
			children = (
				4A3DD64E20AC96A9006A800F /* SettingsFeature */,
				4A0259A620AB62ED005F75AB /* Media */,
				4A9F2E5F20A77A0F002329B2 /* AddAlbumFeature */,
				4AAF0AEA20A2816E0054A0FC /* Root */,
				4AAF0AE320A205CA0054A0FC /* ArtistFeature */,
				4AAF0AE220A2059A0054A0FC /* LoginFeature */,
				4AAF0ADF20A2050F0054A0FC /* AlbumFeature */,
				4AFC2BFE209BAF490054811C /* Downloaders */,
				4AFC2BFB209BADFB0054811C /* Objects */,
				4A9D17E8209A960B006A7B01 /* Utilities */,
				4AB2174E209A405E00DB0878 /* Networking */,
				4AB21747209A3D1200DB0878 /* Apple Files */,
			);
			path = "Infinite Library";
			sourceTree = "<group>";
		};
		4AB21739209A399000DB0878 /* Infinite LibraryTests */ = {
			isa = PBXGroup;
			children = (
				4AB2173A209A399000DB0878 /* Infinite_LibraryTests.swift */,
				4AB2173C209A399000DB0878 /* Info.plist */,
			);
			path = "Infinite LibraryTests";
			sourceTree = "<group>";
		};
		4AB21747209A3D1200DB0878 /* Apple Files */ = {
			isa = PBXGroup;
			children = (
				4AB2174A209A3F1A00DB0878 /* Default-568h@2x.png */,
				4AB2172C209A399000DB0878 /* Assets.xcassets */,
				4AB21731209A399000DB0878 /* Info.plist */,
				4AB21729209A398F00DB0878 /* Infinite_Library.xcdatamodeld */,
				4AB2172E209A399000DB0878 /* LaunchScreen.storyboard */,
			);
			path = "Apple Files";
			sourceTree = "<group>";
		};
		4AB2174E209A405E00DB0878 /* Networking */ = {
			isa = PBXGroup;
			children = (
				4AB2174C209A404900DB0878 /* AsyncWebService.swift */,
				4AB2174F209A409100DB0878 /* SpotifyNetworking.swift */,
				4AB21751209A424B00DB0878 /* Endpoints.swift */,
			);
			path = Networking;
			sourceTree = "<group>";
		};
		4AFC2BFB209BADFB0054811C /* Objects */ = {
			isa = PBXGroup;
			children = (
				4AFC2BFC209BAE090054811C /* SpotifyModels.swift */,
				4AD0D37020A0F9E600DD3723 /* Album+Utilities.swift */,
				4AAF0ADD20A202D80054A0FC /* Artist+Utilities.swift */,
			);
			path = Objects;
			sourceTree = "<group>";
		};
		4AFC2BFE209BAF490054811C /* Downloaders */ = {
			isa = PBXGroup;
			children = (
				4AFC2BFF209BAF5E0054811C /* LibraryDownloader.swift */,
				4AFC2C01209BB4CE0054811C /* AlbumDownloader.swift */,
				4AA4F4A520AE107000C9E735 /* ProgressCounter.swift */,
				4A6287F920B079C800544D8B /* ArtistArtDownloader.swift */,
			);
			path = Downloaders;
			sourceTree = "<group>";
		};
		FD516E6065BA0042A709C0F6 /* Frameworks */ = {
			isa = PBXGroup;
			children = (
				C787E535FA0254624FDF921B /* Pods_InfiniteLibrary.framework */,
			);
			name = Frameworks;
			sourceTree = "<group>";
		};
/* End PBXGroup section */

/* Begin PBXNativeTarget section */
		4AB2171E209A398F00DB0878 /* InfiniteLibrary */ = {
			isa = PBXNativeTarget;
			buildConfigurationList = 4AB2173F209A399000DB0878 /* Build configuration list for PBXNativeTarget "InfiniteLibrary" */;
			buildPhases = (
				CE72C5A81D691851686F8444 /* [CP] Check Pods Manifest.lock */,
				4AB2171B209A398F00DB0878 /* Sources */,
				4AB2171C209A398F00DB0878 /* Frameworks */,
				4AB2171D209A398F00DB0878 /* Resources */,
				AA4F1FB4BDE5E4CB86802A7D /* [CP] Embed Pods Frameworks */,
				4A686C5720B0A9260085DB54 /* ShellScript */,
				4A0C851E20B33039002D203B /* ShellScript */,
			);
			buildRules = (
			);
			dependencies = (
			);
			name = InfiniteLibrary;
			productName = "Infinite Library";
			productReference = 4AB2171F209A398F00DB0878 /* InfiniteLibrary.app */;
			productType = "com.apple.product-type.application";
		};
		4AB21735209A399000DB0878 /* InfiniteLibraryTests */ = {
			isa = PBXNativeTarget;
			buildConfigurationList = 4AB21742209A399000DB0878 /* Build configuration list for PBXNativeTarget "InfiniteLibraryTests" */;
			buildPhases = (
				D255E52B4C1AA81D14C06F9A /* [CP] Check Pods Manifest.lock */,
				4AB21732209A399000DB0878 /* Sources */,
				4AB21733209A399000DB0878 /* Frameworks */,
				4AB21734209A399000DB0878 /* Resources */,
			);
			buildRules = (
			);
			dependencies = (
				4AB21738209A399000DB0878 /* PBXTargetDependency */,
			);
			name = InfiniteLibraryTests;
			productName = "Infinite LibraryTests";
			productReference = 4AB21736209A399000DB0878 /* InfiniteLibraryTests.xctest */;
			productType = "com.apple.product-type.bundle.unit-test";
		};
/* End PBXNativeTarget section */

/* Begin PBXProject section */
		4AB21717209A398F00DB0878 /* Project object */ = {
			isa = PBXProject;
			attributes = {
				LastSwiftUpdateCheck = 0930;
				LastUpgradeCheck = 0930;
				ORGANIZATIONNAME = harrysummers;
				TargetAttributes = {
					4AB2171E209A398F00DB0878 = {
						CreatedOnToolsVersion = 9.3;
					};
					4AB21735209A399000DB0878 = {
						CreatedOnToolsVersion = 9.3;
						TestTargetID = 4AB2171E209A398F00DB0878;
					};
				};
			};
			buildConfigurationList = 4AB2171A209A398F00DB0878 /* Build configuration list for PBXProject "InfiniteLibrary" */;
			compatibilityVersion = "Xcode 9.3";
			developmentRegion = en;
			hasScannedForEncodings = 0;
			knownRegions = (
				en,
				Base,
			);
			mainGroup = 4AB21716209A398F00DB0878;
			productRefGroup = 4AB21720209A398F00DB0878 /* Products */;
			projectDirPath = "";
			projectRoot = "";
			targets = (
				4AB2171E209A398F00DB0878 /* InfiniteLibrary */,
				4AB21735209A399000DB0878 /* InfiniteLibraryTests */,
			);
		};
/* End PBXProject section */

/* Begin PBXResourcesBuildPhase section */
		4AB2171D209A398F00DB0878 /* Resources */ = {
			isa = PBXResourcesBuildPhase;
			buildActionMask = 2147483647;
			files = (
				4AB21730209A399000DB0878 /* LaunchScreen.storyboard in Resources */,
				4AB2174B209A3F1A00DB0878 /* Default-568h@2x.png in Resources */,
				4A0259AB20AB6ADC005F75AB /* album.gif in Resources */,
				4AA4F4A820AE27E900C9E735 /* settings.gif in Resources */,
				4AB2172D209A399000DB0878 /* Assets.xcassets in Resources */,
				4A0259AC20AB6ADC005F75AB /* artist.gif in Resources */,
				4A0259A820AB62FA005F75AB /* addAlbum.gif in Resources */,
			);
			runOnlyForDeploymentPostprocessing = 0;
		};
		4AB21734209A399000DB0878 /* Resources */ = {
			isa = PBXResourcesBuildPhase;
			buildActionMask = 2147483647;
			files = (
			);
			runOnlyForDeploymentPostprocessing = 0;
		};
/* End PBXResourcesBuildPhase section */

/* Begin PBXShellScriptBuildPhase section */
		4A0C851E20B33039002D203B /* ShellScript */ = {
			isa = PBXShellScriptBuildPhase;
			buildActionMask = 2147483647;
			files = (
			);
			inputPaths = (
			);
			outputPaths = (
			);
			runOnlyForDeploymentPostprocessing = 0;
			shellPath = /bin/sh;
			shellScript = "\"${PODS_ROOT}/SwiftLint/swiftlint\"";
		};
		4A686C5720B0A9260085DB54 /* ShellScript */ = {
			isa = PBXShellScriptBuildPhase;
			buildActionMask = 2147483647;
			files = (
			);
			inputPaths = (
			);
			outputPaths = (
			);
			runOnlyForDeploymentPostprocessing = 0;
			shellPath = /bin/sh;
			shellScript = "\"${PODS_ROOT}/Fabric/run\" cdedadbb630f0714784e466e5109ebb627e13ed9 0e8f09ef65c52ccef54b42edbe12b17624660ec445e81b8f5082e68597addee8";
		};
		AA4F1FB4BDE5E4CB86802A7D /* [CP] Embed Pods Frameworks */ = {
			isa = PBXShellScriptBuildPhase;
			buildActionMask = 2147483647;
			files = (
			);
			inputPaths = (
				"${SRCROOT}/Pods/Target Support Files/Pods-InfiniteLibrary/Pods-InfiniteLibrary-frameworks.sh",
				"${BUILT_PRODUCTS_DIR}/Alamofire/Alamofire.framework",
				"${BUILT_PRODUCTS_DIR}/AlamofireImage/AlamofireImage.framework",
				"${BUILT_PRODUCTS_DIR}/NVActivityIndicatorView/NVActivityIndicatorView.framework",
				"${BUILT_PRODUCTS_DIR}/SpotifyLogin/SpotifyLogin.framework",
				"${BUILT_PRODUCTS_DIR}/SwiftGifOrigin/SwiftGifOrigin.framework",
			);
			name = "[CP] Embed Pods Frameworks";
			outputPaths = (
				"${TARGET_BUILD_DIR}/${FRAMEWORKS_FOLDER_PATH}/Alamofire.framework",
				"${TARGET_BUILD_DIR}/${FRAMEWORKS_FOLDER_PATH}/AlamofireImage.framework",
				"${TARGET_BUILD_DIR}/${FRAMEWORKS_FOLDER_PATH}/NVActivityIndicatorView.framework",
				"${TARGET_BUILD_DIR}/${FRAMEWORKS_FOLDER_PATH}/SpotifyLogin.framework",
				"${TARGET_BUILD_DIR}/${FRAMEWORKS_FOLDER_PATH}/SwiftGifOrigin.framework",
			);
			runOnlyForDeploymentPostprocessing = 0;
			shellPath = /bin/sh;
			shellScript = "\"${SRCROOT}/Pods/Target Support Files/Pods-InfiniteLibrary/Pods-InfiniteLibrary-frameworks.sh\"\n";
			showEnvVarsInLog = 0;
		};
		CE72C5A81D691851686F8444 /* [CP] Check Pods Manifest.lock */ = {
			isa = PBXShellScriptBuildPhase;
			buildActionMask = 2147483647;
			files = (
			);
			inputPaths = (
				"${PODS_PODFILE_DIR_PATH}/Podfile.lock",
				"${PODS_ROOT}/Manifest.lock",
			);
			name = "[CP] Check Pods Manifest.lock";
			outputPaths = (
				"$(DERIVED_FILE_DIR)/Pods-InfiniteLibrary-checkManifestLockResult.txt",
			);
			runOnlyForDeploymentPostprocessing = 0;
			shellPath = /bin/sh;
			shellScript = "diff \"${PODS_PODFILE_DIR_PATH}/Podfile.lock\" \"${PODS_ROOT}/Manifest.lock\" > /dev/null\nif [ $? != 0 ] ; then\n    # print error to STDERR\n    echo \"error: The sandbox is not in sync with the Podfile.lock. Run 'pod install' or update your CocoaPods installation.\" >&2\n    exit 1\nfi\n# This output is used by Xcode 'outputs' to avoid re-running this script phase.\necho \"SUCCESS\" > \"${SCRIPT_OUTPUT_FILE_0}\"\n";
			showEnvVarsInLog = 0;
		};
		D255E52B4C1AA81D14C06F9A /* [CP] Check Pods Manifest.lock */ = {
			isa = PBXShellScriptBuildPhase;
			buildActionMask = 2147483647;
			files = (
			);
			inputPaths = (
				"${PODS_PODFILE_DIR_PATH}/Podfile.lock",
				"${PODS_ROOT}/Manifest.lock",
			);
			name = "[CP] Check Pods Manifest.lock";
			outputPaths = (
				"$(DERIVED_FILE_DIR)/Pods-InfiniteLibraryTests-checkManifestLockResult.txt",
			);
			runOnlyForDeploymentPostprocessing = 0;
			shellPath = /bin/sh;
			shellScript = "diff \"${PODS_PODFILE_DIR_PATH}/Podfile.lock\" \"${PODS_ROOT}/Manifest.lock\" > /dev/null\nif [ $? != 0 ] ; then\n    # print error to STDERR\n    echo \"error: The sandbox is not in sync with the Podfile.lock. Run 'pod install' or update your CocoaPods installation.\" >&2\n    exit 1\nfi\n# This output is used by Xcode 'outputs' to avoid re-running this script phase.\necho \"SUCCESS\" > \"${SCRIPT_OUTPUT_FILE_0}\"\n";
			showEnvVarsInLog = 0;
		};
/* End PBXShellScriptBuildPhase section */

/* Begin PBXSourcesBuildPhase section */
		4AB2171B209A398F00DB0878 /* Sources */ = {
			isa = PBXSourcesBuildPhase;
			buildActionMask = 2147483647;
			files = (
				4AC9214520B21DF4006F5EB8 /* TutorialPresenter.swift in Sources */,
				4A30205420ADF8BE00D27664 /* GifCollectionViewCell.swift in Sources */,
				4AB21725209A398F00DB0878 /* LoginViewController.swift in Sources */,
				4A9D17EA209A9619006A7B01 /* EnvConstants.swift in Sources */,
				4AFC2BFD209BAE090054811C /* SpotifyModels.swift in Sources */,
				4AB2174D209A404900DB0878 /* AsyncWebService.swift in Sources */,
				4AAF0AE520A205E30054A0FC /* ArtistsTableViewController.swift in Sources */,
				4AC9214120B214CE006F5EB8 /* MemoryMonitor.swift in Sources */,
				4AC9213D20B20479006F5EB8 /* AlbumsTableViewController+Search.swift in Sources */,
				4A3DD65020AC96BA006A800F /* SettingsViewController.swift in Sources */,
				4A347CDB20AA3E0B003BEE72 /* LibraryDownloadViewController.swift in Sources */,
				4A9F2E6320A77D89002329B2 /* String+Spotify.swift in Sources */,
				4AFC2C04209BC4540054811C /* AutoLoginViewController.swift in Sources */,
				4A556A71209CF40B00D6EA14 /* AlbumsTableViewCell.swift in Sources */,
				4AB21750209A409100DB0878 /* SpotifyNetworking.swift in Sources */,
				4A9F2E6120A77A32002329B2 /* AddAlbumViewController.swift in Sources */,
				4A255B7820B32BD80008C586 /* ArtistsTableViewController+SettingsDelegate.swift in Sources */,
				4AAF0ADE20A202D80054A0FC /* Artist+Utilities.swift in Sources */,
				4AB8F19020AF5B4C00A2C257 /* InitialViewControllerChooser.swift in Sources */,
				4A0C852020B343E9002D203B /* LibraryDownloaderView.swift in Sources */,
				4A30E267209E782800680B4C /* UIColor+Colors.swift in Sources */,
				4AB8F19220AF5EB500A2C257 /* SpotifyConnector.swift in Sources */,
				4AC9214320B21DDB006F5EB8 /* TutorialScreenViewController.swift in Sources */,
				4AB3BB70209F7A96001E1F89 /* CoreDataManager.swift in Sources */,
				4A347CE320AB45C1003BEE72 /* PopAnimator.swift in Sources */,
				4AFC2C00209BAF5E0054811C /* LibraryDownloader.swift in Sources */,
				4AAF0AE920A281600054A0FC /* TabViewController.swift in Sources */,
				4A0C852420B347CE002D203B /* LoginView.swift in Sources */,
				4AB8F18820AF48C300A2C257 /* SettingsView.swift in Sources */,
				4A255B7420B292690008C586 /* ViewControllerType.swift in Sources */,
				4AB2172B209A398F00DB0878 /* Infinite_Library.xcdatamodeld in Sources */,
				4AB8F18C20AF595C00A2C257 /* GeneralAppearance.swift in Sources */,
				4AC9214720B21E87006F5EB8 /* TutorialScreenView.swift in Sources */,
				4AB21752209A424B00DB0878 /* Endpoints.swift in Sources */,
				4A347CD920AA3C24003BEE72 /* SlideLeftAnimator.swift in Sources */,
				4A347CDD20AA46C3003BEE72 /* WelcomeViewController.swift in Sources */,
				4AFC2C02209BB4CE0054811C /* AlbumDownloader.swift in Sources */,
				4AB8F19420AF609300A2C257 /* Clipboard.swift in Sources */,
				4A255B7220B292480008C586 /* UIViewController+Presenter.swift in Sources */,
				4AB8F18A20AF527700A2C257 /* AddAlbumView.swift in Sources */,
				4AC9213F20B2049D006F5EB8 /* ArtistsTableViewController+Search.swift in Sources */,
				4AB21723209A398F00DB0878 /* AppDelegate.swift in Sources */,
				4A6287FA20B079C800544D8B /* ArtistArtDownloader.swift in Sources */,
				4AA40F57209A85630081F69A /* Constants.swift in Sources */,
				4AD0D37120A0F9E600DD3723 /* Album+Utilities.swift in Sources */,
				4AAF0AE720A2077B0054A0FC /* ArtistsTableViewCell.swift in Sources */,
				4A0C852220B346BB002D203B /* WelcomeView.swift in Sources */,
				4A255B7620B32AD50008C586 /* SettingsViewControllerDelegate.swift in Sources */,
				4A255B7A20B32C540008C586 /* AlbumsTableViewController+SettingsDelegate.swift in Sources */,
				4AA40F5B209A896A0081F69A /* AlbumsTableViewController.swift in Sources */,
				4AA4F4A620AE107000C9E735 /* ProgressCounter.swift in Sources */,
			);
			runOnlyForDeploymentPostprocessing = 0;
		};
		4AB21732209A399000DB0878 /* Sources */ = {
			isa = PBXSourcesBuildPhase;
			buildActionMask = 2147483647;
			files = (
				4AB2173B209A399000DB0878 /* Infinite_LibraryTests.swift in Sources */,
			);
			runOnlyForDeploymentPostprocessing = 0;
		};
/* End PBXSourcesBuildPhase section */

/* Begin PBXTargetDependency section */
		4AB21738209A399000DB0878 /* PBXTargetDependency */ = {
			isa = PBXTargetDependency;
			target = 4AB2171E209A398F00DB0878 /* InfiniteLibrary */;
			targetProxy = 4AB21737209A399000DB0878 /* PBXContainerItemProxy */;
		};
/* End PBXTargetDependency section */

/* Begin PBXVariantGroup section */
		4AB2172E209A399000DB0878 /* LaunchScreen.storyboard */ = {
			isa = PBXVariantGroup;
			children = (
				4AB2172F209A399000DB0878 /* Base */,
			);
			name = LaunchScreen.storyboard;
			sourceTree = "<group>";
		};
/* End PBXVariantGroup section */

/* Begin XCBuildConfiguration section */
		4AB2173D209A399000DB0878 /* Debug */ = {
			isa = XCBuildConfiguration;
			buildSettings = {
				ALWAYS_SEARCH_USER_PATHS = NO;
				CLANG_ANALYZER_NONNULL = YES;
				CLANG_ANALYZER_NUMBER_OBJECT_CONVERSION = YES_AGGRESSIVE;
				CLANG_CXX_LANGUAGE_STANDARD = "gnu++14";
				CLANG_CXX_LIBRARY = "libc++";
				CLANG_ENABLE_MODULES = YES;
				CLANG_ENABLE_OBJC_ARC = YES;
				CLANG_ENABLE_OBJC_WEAK = YES;
				CLANG_WARN_BLOCK_CAPTURE_AUTORELEASING = YES;
				CLANG_WARN_BOOL_CONVERSION = YES;
				CLANG_WARN_COMMA = YES;
				CLANG_WARN_CONSTANT_CONVERSION = YES;
				CLANG_WARN_DEPRECATED_OBJC_IMPLEMENTATIONS = YES;
				CLANG_WARN_DIRECT_OBJC_ISA_USAGE = YES_ERROR;
				CLANG_WARN_DOCUMENTATION_COMMENTS = YES;
				CLANG_WARN_EMPTY_BODY = YES;
				CLANG_WARN_ENUM_CONVERSION = YES;
				CLANG_WARN_INFINITE_RECURSION = YES;
				CLANG_WARN_INT_CONVERSION = YES;
				CLANG_WARN_NON_LITERAL_NULL_CONVERSION = YES;
				CLANG_WARN_OBJC_IMPLICIT_RETAIN_SELF = YES;
				CLANG_WARN_OBJC_LITERAL_CONVERSION = YES;
				CLANG_WARN_OBJC_ROOT_CLASS = YES_ERROR;
				CLANG_WARN_RANGE_LOOP_ANALYSIS = YES;
				CLANG_WARN_STRICT_PROTOTYPES = YES;
				CLANG_WARN_SUSPICIOUS_MOVE = YES;
				CLANG_WARN_UNGUARDED_AVAILABILITY = YES_AGGRESSIVE;
				CLANG_WARN_UNREACHABLE_CODE = YES;
				CLANG_WARN__DUPLICATE_METHOD_MATCH = YES;
				CODE_SIGN_IDENTITY = "iPhone Developer";
				COPY_PHASE_STRIP = NO;
				DEBUG_INFORMATION_FORMAT = dwarf;
				ENABLE_STRICT_OBJC_MSGSEND = YES;
				ENABLE_TESTABILITY = YES;
				GCC_C_LANGUAGE_STANDARD = gnu11;
				GCC_DYNAMIC_NO_PIC = NO;
				GCC_NO_COMMON_BLOCKS = YES;
				GCC_OPTIMIZATION_LEVEL = 0;
				GCC_PREPROCESSOR_DEFINITIONS = (
					"DEBUG=1",
					"$(inherited)",
				);
				GCC_WARN_64_TO_32_BIT_CONVERSION = YES;
				GCC_WARN_ABOUT_RETURN_TYPE = YES_ERROR;
				GCC_WARN_UNDECLARED_SELECTOR = YES;
				GCC_WARN_UNINITIALIZED_AUTOS = YES_AGGRESSIVE;
				GCC_WARN_UNUSED_FUNCTION = YES;
				GCC_WARN_UNUSED_VARIABLE = YES;
				IPHONEOS_DEPLOYMENT_TARGET = 11.3;
				MTL_ENABLE_DEBUG_INFO = YES;
				ONLY_ACTIVE_ARCH = YES;
				SDKROOT = iphoneos;
				SWIFT_ACTIVE_COMPILATION_CONDITIONS = DEBUG;
				SWIFT_OPTIMIZATION_LEVEL = "-Onone";
			};
			name = Debug;
		};
		4AB2173E209A399000DB0878 /* Release */ = {
			isa = XCBuildConfiguration;
			buildSettings = {
				ALWAYS_SEARCH_USER_PATHS = NO;
				CLANG_ANALYZER_NONNULL = YES;
				CLANG_ANALYZER_NUMBER_OBJECT_CONVERSION = YES_AGGRESSIVE;
				CLANG_CXX_LANGUAGE_STANDARD = "gnu++14";
				CLANG_CXX_LIBRARY = "libc++";
				CLANG_ENABLE_MODULES = YES;
				CLANG_ENABLE_OBJC_ARC = YES;
				CLANG_ENABLE_OBJC_WEAK = YES;
				CLANG_WARN_BLOCK_CAPTURE_AUTORELEASING = YES;
				CLANG_WARN_BOOL_CONVERSION = YES;
				CLANG_WARN_COMMA = YES;
				CLANG_WARN_CONSTANT_CONVERSION = YES;
				CLANG_WARN_DEPRECATED_OBJC_IMPLEMENTATIONS = YES;
				CLANG_WARN_DIRECT_OBJC_ISA_USAGE = YES_ERROR;
				CLANG_WARN_DOCUMENTATION_COMMENTS = YES;
				CLANG_WARN_EMPTY_BODY = YES;
				CLANG_WARN_ENUM_CONVERSION = YES;
				CLANG_WARN_INFINITE_RECURSION = YES;
				CLANG_WARN_INT_CONVERSION = YES;
				CLANG_WARN_NON_LITERAL_NULL_CONVERSION = YES;
				CLANG_WARN_OBJC_IMPLICIT_RETAIN_SELF = YES;
				CLANG_WARN_OBJC_LITERAL_CONVERSION = YES;
				CLANG_WARN_OBJC_ROOT_CLASS = YES_ERROR;
				CLANG_WARN_RANGE_LOOP_ANALYSIS = YES;
				CLANG_WARN_STRICT_PROTOTYPES = YES;
				CLANG_WARN_SUSPICIOUS_MOVE = YES;
				CLANG_WARN_UNGUARDED_AVAILABILITY = YES_AGGRESSIVE;
				CLANG_WARN_UNREACHABLE_CODE = YES;
				CLANG_WARN__DUPLICATE_METHOD_MATCH = YES;
				CODE_SIGN_IDENTITY = "iPhone Developer";
				COPY_PHASE_STRIP = NO;
				DEBUG_INFORMATION_FORMAT = "dwarf-with-dsym";
				ENABLE_NS_ASSERTIONS = NO;
				ENABLE_STRICT_OBJC_MSGSEND = YES;
				GCC_C_LANGUAGE_STANDARD = gnu11;
				GCC_NO_COMMON_BLOCKS = YES;
				GCC_WARN_64_TO_32_BIT_CONVERSION = YES;
				GCC_WARN_ABOUT_RETURN_TYPE = YES_ERROR;
				GCC_WARN_UNDECLARED_SELECTOR = YES;
				GCC_WARN_UNINITIALIZED_AUTOS = YES_AGGRESSIVE;
				GCC_WARN_UNUSED_FUNCTION = YES;
				GCC_WARN_UNUSED_VARIABLE = YES;
				IPHONEOS_DEPLOYMENT_TARGET = 11.3;
				MTL_ENABLE_DEBUG_INFO = NO;
				SDKROOT = iphoneos;
				SWIFT_COMPILATION_MODE = wholemodule;
				SWIFT_OPTIMIZATION_LEVEL = "-O";
				VALIDATE_PRODUCT = YES;
			};
			name = Release;
		};
		4AB21740209A399000DB0878 /* Debug */ = {
			isa = XCBuildConfiguration;
			baseConfigurationReference = B10B001AF740EB0CBCCFCFFE /* Pods-InfiniteLibrary.debug.xcconfig */;
			buildSettings = {
				ASSETCATALOG_COMPILER_APPICON_NAME = AppIcon;
				CODE_SIGN_STYLE = Automatic;
				DEVELOPMENT_TEAM = TFUHR2F3HQ;
				ENABLE_BITCODE = YES;
				INFOPLIST_FILE = "$(SRCROOT)/Infinite Library/Apple Files/Info.plist";
				IPHONEOS_DEPLOYMENT_TARGET = 11.0;
				LD_RUNPATH_SEARCH_PATHS = (
					"$(inherited)",
					"@executable_path/Frameworks",
				);
				PRODUCT_BUNDLE_IDENTIFIER = "harrysummers.Infinity-Library";
				PRODUCT_NAME = "$(TARGET_NAME)";
				SWIFT_VERSION = 4.0;
				TARGETED_DEVICE_FAMILY = 1;
			};
			name = Debug;
		};
		4AB21741209A399000DB0878 /* Release */ = {
			isa = XCBuildConfiguration;
			baseConfigurationReference = 0FEB956AF21EC09D1D5D7573 /* Pods-InfiniteLibrary.release.xcconfig */;
			buildSettings = {
				ASSETCATALOG_COMPILER_APPICON_NAME = AppIcon;
				CODE_SIGN_STYLE = Automatic;
				DEVELOPMENT_TEAM = TFUHR2F3HQ;
				ENABLE_BITCODE = YES;
				INFOPLIST_FILE = "$(SRCROOT)/Infinite Library/Apple Files/Info.plist";
				IPHONEOS_DEPLOYMENT_TARGET = 11.0;
				LD_RUNPATH_SEARCH_PATHS = (
					"$(inherited)",
					"@executable_path/Frameworks",
				);
				PRODUCT_BUNDLE_IDENTIFIER = "harrysummers.Infinity-Library";
				PRODUCT_NAME = "$(TARGET_NAME)";
				SWIFT_VERSION = 4.0;
				TARGETED_DEVICE_FAMILY = 1;
			};
			name = Release;
		};
		4AB21743209A399000DB0878 /* Debug */ = {
			isa = XCBuildConfiguration;
			baseConfigurationReference = BC2338FFB2990EFDFF5E96B1 /* Pods-InfiniteLibraryTests.debug.xcconfig */;
			buildSettings = {
				ALWAYS_EMBED_SWIFT_STANDARD_LIBRARIES = YES;
				BUNDLE_LOADER = "$(TEST_HOST)";
				CODE_SIGN_STYLE = Automatic;
				DEVELOPMENT_TEAM = TFUHR2F3HQ;
				INFOPLIST_FILE = "Infinite LibraryTests/Info.plist";
				LD_RUNPATH_SEARCH_PATHS = (
					"$(inherited)",
					"@executable_path/Frameworks",
					"@loader_path/Frameworks",
				);
				PRODUCT_BUNDLE_IDENTIFIER = "harrysummers.Infinite-LibraryTests";
				PRODUCT_NAME = "$(TARGET_NAME)";
				SWIFT_VERSION = 4.0;
				TARGETED_DEVICE_FAMILY = "1,2";
				TEST_HOST = "$(BUILT_PRODUCTS_DIR)/InfiniteLibrary.app/InfiniteLibrary";
			};
			name = Debug;
		};
		4AB21744209A399000DB0878 /* Release */ = {
			isa = XCBuildConfiguration;
			baseConfigurationReference = CF0779598191B503FDA28009 /* Pods-InfiniteLibraryTests.release.xcconfig */;
			buildSettings = {
				ALWAYS_EMBED_SWIFT_STANDARD_LIBRARIES = YES;
				BUNDLE_LOADER = "$(TEST_HOST)";
				CODE_SIGN_STYLE = Automatic;
				DEVELOPMENT_TEAM = TFUHR2F3HQ;
				INFOPLIST_FILE = "Infinite LibraryTests/Info.plist";
				LD_RUNPATH_SEARCH_PATHS = (
					"$(inherited)",
					"@executable_path/Frameworks",
					"@loader_path/Frameworks",
				);
				PRODUCT_BUNDLE_IDENTIFIER = "harrysummers.Infinite-LibraryTests";
				PRODUCT_NAME = "$(TARGET_NAME)";
				SWIFT_VERSION = 4.0;
				TARGETED_DEVICE_FAMILY = "1,2";
				TEST_HOST = "$(BUILT_PRODUCTS_DIR)/InfiniteLibrary.app/InfiniteLibrary";
			};
			name = Release;
		};
/* End XCBuildConfiguration section */

/* Begin XCConfigurationList section */
		4AB2171A209A398F00DB0878 /* Build configuration list for PBXProject "InfiniteLibrary" */ = {
			isa = XCConfigurationList;
			buildConfigurations = (
				4AB2173D209A399000DB0878 /* Debug */,
				4AB2173E209A399000DB0878 /* Release */,
			);
			defaultConfigurationIsVisible = 0;
			defaultConfigurationName = Release;
		};
		4AB2173F209A399000DB0878 /* Build configuration list for PBXNativeTarget "InfiniteLibrary" */ = {
			isa = XCConfigurationList;
			buildConfigurations = (
				4AB21740209A399000DB0878 /* Debug */,
				4AB21741209A399000DB0878 /* Release */,
			);
			defaultConfigurationIsVisible = 0;
			defaultConfigurationName = Release;
		};
		4AB21742209A399000DB0878 /* Build configuration list for PBXNativeTarget "InfiniteLibraryTests" */ = {
			isa = XCConfigurationList;
			buildConfigurations = (
				4AB21743209A399000DB0878 /* Debug */,
				4AB21744209A399000DB0878 /* Release */,
			);
			defaultConfigurationIsVisible = 0;
			defaultConfigurationName = Release;
		};
/* End XCConfigurationList section */

/* Begin XCVersionGroup section */
		4AB21729209A398F00DB0878 /* Infinite_Library.xcdatamodeld */ = {
			isa = XCVersionGroup;
			children = (
				4AB2172A209A398F00DB0878 /* Infinite_Library.xcdatamodel */,
			);
			currentVersion = 4AB2172A209A398F00DB0878 /* Infinite_Library.xcdatamodel */;
			path = Infinite_Library.xcdatamodeld;
			sourceTree = "<group>";
			versionGroupType = wrapper.xcdatamodel;
		};
/* End XCVersionGroup section */
	};
	rootObject = 4AB21717209A398F00DB0878 /* Project object */;
}
